
Microsoft Visual Studio Solution File, Format Version 12.00
# Visual Studio Version 17
VisualStudioVersion = 17.9.34616.47
MinimumVisualStudioVersion = 10.0.40219.1
Project("{FAE04EC0-301F-11D3-BF4B-00C04F79EFBC}") = "tpmodul10_1302223045", "tpmodul10_1302223045\tpmodul10_1302223045.csproj", "{EAD45DEC-DBE9-44D5-9772-2F372D99F8C5}"
EndProject
Global
	GlobalSection(SolutionConfigurationPlatforms) = preSolution
		Debug|Any CPU = Debug|Any CPU
		Release|Any CPU = Release|Any CPU
	EndGlobalSection
	GlobalSection(ProjectConfigurationPlatforms) = postSolution
		{EAD45DEC-DBE9-44D5-9772-2F372D99F8C5}.Debug|Any CPU.ActiveCfg = Debug|Any CPU
		{EAD45DEC-DBE9-44D5-9772-2F372D99F8C5}.Debug|Any CPU.Build.0 = Debug|Any CPU
		{EAD45DEC-DBE9-44D5-9772-2F372D99F8C5}.Release|Any CPU.ActiveCfg = Release|Any CPU
		{EAD45DEC-DBE9-44D5-9772-2F372D99F8C5}.Release|Any CPU.Build.0 = Release|Any CPU
	EndGlobalSection
	GlobalSection(SolutionProperties) = preSolution
		HideSolutionNode = FALSE
	EndGlobalSection
	GlobalSection(ExtensibilityGlobals) = postSolution
		SolutionGuid = {45B69746-8733-4987-AA6C-89D4B53C276A}
	EndGlobalSection
EndGlobal
